// !$*UTF8*$!
{
	archiveVersion = 1;
	classes = {
	};
	objectVersion = 51;
	objects = {

/* Begin PBXBuildFile section */
		2D4AC616F8748170657726AF /* Pods_VK_client.framework in Frameworks */ = {isa = PBXBuildFile; fileRef = 4CF28FBD585A37E9F9CCB45E /* Pods_VK_client.framework */; };
		4417949924FBDD93001BA977 /* News.swift in Sources */ = {isa = PBXBuildFile; fileRef = 4417949824FBDD93001BA977 /* News.swift */; };
		442D848224E029B2000E0E40 /* AvatarViewControl.swift in Sources */ = {isa = PBXBuildFile; fileRef = 442D848124E029B2000E0E40 /* AvatarViewControl.swift */; };
		4441C9B4251A23760086FBAE /* Session.swift in Sources */ = {isa = PBXBuildFile; fileRef = 4441C9B3251A23760086FBAE /* Session.swift */; };
		444722A1251F8CB3002FC1C7 /* VKLoginViewController.swift in Sources */ = {isa = PBXBuildFile; fileRef = 444722A0251F8CB3002FC1C7 /* VKLoginViewController.swift */; };
		444722A7251F8F22002FC1C7 /* WebKit.framework in Frameworks */ = {isa = PBXBuildFile; fileRef = 444722A6251F8F22002FC1C7 /* WebKit.framework */; };
		444722AD251F8F77002FC1C7 /* WebKit.framework in Frameworks */ = {isa = PBXBuildFile; fileRef = 444722AC251F8F77002FC1C7 /* WebKit.framework */; };
		4460477124FCD81000031D76 /* NewsViewController.swift in Sources */ = {isa = PBXBuildFile; fileRef = 4460476F24FCD81000031D76 /* NewsViewController.swift */; };
		4460477624FCDC8D00031D76 /* NewsCollectionViewCell.swift in Sources */ = {isa = PBXBuildFile; fileRef = 4460477424FCDC8D00031D76 /* NewsCollectionViewCell.swift */; };
		4460477724FCDC8D00031D76 /* NewsCollectionViewCell.xib in Resources */ = {isa = PBXBuildFile; fileRef = 4460477524FCDC8D00031D76 /* NewsCollectionViewCell.xib */; };
		4460477A24FCDCE500031D76 /* NewsTableViewCell.swift in Sources */ = {isa = PBXBuildFile; fileRef = 4460477824FCDCE500031D76 /* NewsTableViewCell.swift */; };
		4460477B24FCDCE500031D76 /* NewsTableViewCell.xib in Resources */ = {isa = PBXBuildFile; fileRef = 4460477924FCDCE500031D76 /* NewsTableViewCell.xib */; };
		4460477D24FD90AE00031D76 /* NewsLikeControl.swift in Sources */ = {isa = PBXBuildFile; fileRef = 4460477C24FD90AE00031D76 /* NewsLikeControl.swift */; };
		4463223724DAB208005C97B3 /* FriendsTableViewController.swift in Sources */ = {isa = PBXBuildFile; fileRef = 4463223624DAB208005C97B3 /* FriendsTableViewController.swift */; };
		4463223924DAB23A005C97B3 /* FriendsTableViewCell.swift in Sources */ = {isa = PBXBuildFile; fileRef = 4463223824DAB23A005C97B3 /* FriendsTableViewCell.swift */; };
		4463223B24DAB27C005C97B3 /* FriendsCollectionViewController.swift in Sources */ = {isa = PBXBuildFile; fileRef = 4463223A24DAB27C005C97B3 /* FriendsCollectionViewController.swift */; };
		4463223D24DAB29C005C97B3 /* FriendsCollectionViewCell.swift in Sources */ = {isa = PBXBuildFile; fileRef = 4463223C24DAB29C005C97B3 /* FriendsCollectionViewCell.swift */; };
		4463223F24DAB2F1005C97B3 /* MyGroupsTableViewController.swift in Sources */ = {isa = PBXBuildFile; fileRef = 4463223E24DAB2F1005C97B3 /* MyGroupsTableViewController.swift */; };
		4463224124DAB314005C97B3 /* MyGroupsTableViewCell.swift in Sources */ = {isa = PBXBuildFile; fileRef = 4463224024DAB314005C97B3 /* MyGroupsTableViewCell.swift */; };
		4463224524DAB399005C97B3 /* AvailableGroupsTableViewController.swift in Sources */ = {isa = PBXBuildFile; fileRef = 4463224424DAB399005C97B3 /* AvailableGroupsTableViewController.swift */; };
		4463224724DAB3BB005C97B3 /* AvailableGroupsTableViewCell.swift in Sources */ = {isa = PBXBuildFile; fileRef = 4463224624DAB3BB005C97B3 /* AvailableGroupsTableViewCell.swift */; };
		4463224924DAB6BE005C97B3 /* User.swift in Sources */ = {isa = PBXBuildFile; fileRef = 4463224824DAB6BE005C97B3 /* User.swift */; };
		4463224D24DAC9A2005C97B3 /* Group.swift in Sources */ = {isa = PBXBuildFile; fileRef = 4463224C24DAC9A2005C97B3 /* Group.swift */; };
		44675CFD2508D84000C95251 /* NavigationAnimation.swift in Sources */ = {isa = PBXBuildFile; fileRef = 44675CFC2508D84000C95251 /* NavigationAnimation.swift */; };
		44681DFF250380E600511432 /* FriendsPhotoCollection.swift in Sources */ = {isa = PBXBuildFile; fileRef = 44681DFE250380E600511432 /* FriendsPhotoCollection.swift */; };
		4468749F2501195900068434 /* DotsIndicator.swift in Sources */ = {isa = PBXBuildFile; fileRef = 4468749E2501195900068434 /* DotsIndicator.swift */; };
		446968AA250E4B2B007062FD /* FullScreenPhotoViewController.swift in Sources */ = {isa = PBXBuildFile; fileRef = 446968A9250E4B2B007062FD /* FullScreenPhotoViewController.swift */; };
		447CAEF0250F4F31000AA8F4 /* FullScreenAnimator.swift in Sources */ = {isa = PBXBuildFile; fileRef = 447CAEEF250F4F31000AA8F4 /* FullScreenAnimator.swift */; };
		44C4310C252112DF005A3339 /* FriendsServiceAPI.swift in Sources */ = {isa = PBXBuildFile; fileRef = 44C4310B252112DF005A3339 /* FriendsServiceAPI.swift */; };
		44C43112252114D3005A3339 /* GroupServiceAPI.swift in Sources */ = {isa = PBXBuildFile; fileRef = 44C43111252114D3005A3339 /* GroupServiceAPI.swift */; };
		44CAC50D24E2A006000D9693 /* PhotoLikeControl.swift in Sources */ = {isa = PBXBuildFile; fileRef = 44CAC50C24E2A006000D9693 /* PhotoLikeControl.swift */; };
		44DB993224D1B7E2000BAF9A /* AppDelegate.swift in Sources */ = {isa = PBXBuildFile; fileRef = 44DB993124D1B7E2000BAF9A /* AppDelegate.swift */; };
		44DB993424D1B7E2000BAF9A /* SceneDelegate.swift in Sources */ = {isa = PBXBuildFile; fileRef = 44DB993324D1B7E2000BAF9A /* SceneDelegate.swift */; };
		44DB993924D1B7E2000BAF9A /* Main.storyboard in Resources */ = {isa = PBXBuildFile; fileRef = 44DB993724D1B7E2000BAF9A /* Main.storyboard */; };
		44DB993B24D1B809000BAF9A /* Assets.xcassets in Resources */ = {isa = PBXBuildFile; fileRef = 44DB993A24D1B809000BAF9A /* Assets.xcassets */; };
		44DB993E24D1B809000BAF9A /* LaunchScreen.storyboard in Resources */ = {isa = PBXBuildFile; fileRef = 44DB993C24D1B809000BAF9A /* LaunchScreen.storyboard */; };
		44DB994624D1BCFB000BAF9A /* LoginFormViewController.swift in Sources */ = {isa = PBXBuildFile; fileRef = 44DB994524D1BCFB000BAF9A /* LoginFormViewController.swift */; };
		44DF3B4524E4397500E65E4C /* FriendSearchControl.swift in Sources */ = {isa = PBXBuildFile; fileRef = 44DF3B4424E4397500E65E4C /* FriendSearchControl.swift */; };
		C42D8D552541B9DF00C6622F /* UserFireStore.swift in Sources */ = {isa = PBXBuildFile; fileRef = C42D8D542541B9DF00C6622F /* UserFireStore.swift */; };
		C454E1DE254868EB00E1D94C /* SearchGroupServiceAPI.swift in Sources */ = {isa = PBXBuildFile; fileRef = C454E1DD254868EB00E1D94C /* SearchGroupServiceAPI.swift */; };
		C4592E1425514CCE00511737 /* NewsServiceAPI.swift in Sources */ = {isa = PBXBuildFile; fileRef = C4592E1325514CCE00511737 /* NewsServiceAPI.swift */; };
		C45C4840255301F1009731D7 /* NewsItem.swift in Sources */ = {isa = PBXBuildFile; fileRef = C45C483F255301F1009731D7 /* NewsItem.swift */; };
		C4A4937A25482BA200DE4629 /* GroupSearch.swift in Sources */ = {isa = PBXBuildFile; fileRef = C4A4937925482BA200DE4629 /* GroupSearch.swift */; };
		C4D3FA2425373066003A9D07 /* UserPhotos.swift in Sources */ = {isa = PBXBuildFile; fileRef = C4D3FA2325373066003A9D07 /* UserPhotos.swift */; };
		C4F10CF3254071A50074D7E2 /* GoogleService-Info.plist in Resources */ = {isa = PBXBuildFile; fileRef = C4F10CF2254071A50074D7E2 /* GoogleService-Info.plist */; };
		C4F10CFB254074D60074D7E2 /* UserFirebase.swift in Sources */ = {isa = PBXBuildFile; fileRef = C4F10CFA254074D60074D7E2 /* UserFirebase.swift */; };
/* End PBXBuildFile section */

/* Begin PBXFileReference section */
		24BE95B242EC9FEDDF0EE033 /* Pods-VK_client.debug.xcconfig */ = {isa = PBXFileReference; includeInIndex = 1; lastKnownFileType = text.xcconfig; name = "Pods-VK_client.debug.xcconfig"; path = "Target Support Files/Pods-VK_client/Pods-VK_client.debug.xcconfig"; sourceTree = "<group>"; };
		4417949824FBDD93001BA977 /* News.swift */ = {isa = PBXFileReference; lastKnownFileType = sourcecode.swift; path = News.swift; sourceTree = "<group>"; };
		442D848124E029B2000E0E40 /* AvatarViewControl.swift */ = {isa = PBXFileReference; lastKnownFileType = sourcecode.swift; path = AvatarViewControl.swift; sourceTree = "<group>"; };
		4441C9B3251A23760086FBAE /* Session.swift */ = {isa = PBXFileReference; lastKnownFileType = sourcecode.swift; path = Session.swift; sourceTree = "<group>"; };
		444722A0251F8CB3002FC1C7 /* VKLoginViewController.swift */ = {isa = PBXFileReference; lastKnownFileType = sourcecode.swift; path = VKLoginViewController.swift; sourceTree = "<group>"; };
		444722A6251F8F22002FC1C7 /* WebKit.framework */ = {isa = PBXFileReference; lastKnownFileType = wrapper.framework; name = WebKit.framework; path = System/Library/Frameworks/WebKit.framework; sourceTree = SDKROOT; };
		444722AC251F8F77002FC1C7 /* WebKit.framework */ = {isa = PBXFileReference; lastKnownFileType = wrapper.framework; name = WebKit.framework; path = System/Library/PrivateFrameworks/WebKit.framework; sourceTree = SDKROOT; };
		4460476F24FCD81000031D76 /* NewsViewController.swift */ = {isa = PBXFileReference; lastKnownFileType = sourcecode.swift; path = NewsViewController.swift; sourceTree = "<group>"; };
		4460477424FCDC8D00031D76 /* NewsCollectionViewCell.swift */ = {isa = PBXFileReference; lastKnownFileType = sourcecode.swift; path = NewsCollectionViewCell.swift; sourceTree = "<group>"; };
		4460477524FCDC8D00031D76 /* NewsCollectionViewCell.xib */ = {isa = PBXFileReference; lastKnownFileType = file.xib; path = NewsCollectionViewCell.xib; sourceTree = "<group>"; };
		4460477824FCDCE500031D76 /* NewsTableViewCell.swift */ = {isa = PBXFileReference; lastKnownFileType = sourcecode.swift; path = NewsTableViewCell.swift; sourceTree = "<group>"; };
		4460477924FCDCE500031D76 /* NewsTableViewCell.xib */ = {isa = PBXFileReference; lastKnownFileType = file.xib; path = NewsTableViewCell.xib; sourceTree = "<group>"; };
		4460477C24FD90AE00031D76 /* NewsLikeControl.swift */ = {isa = PBXFileReference; lastKnownFileType = sourcecode.swift; path = NewsLikeControl.swift; sourceTree = "<group>"; };
		4463223624DAB208005C97B3 /* FriendsTableViewController.swift */ = {isa = PBXFileReference; lastKnownFileType = sourcecode.swift; path = FriendsTableViewController.swift; sourceTree = "<group>"; };
		4463223824DAB23A005C97B3 /* FriendsTableViewCell.swift */ = {isa = PBXFileReference; lastKnownFileType = sourcecode.swift; path = FriendsTableViewCell.swift; sourceTree = "<group>"; };
		4463223A24DAB27C005C97B3 /* FriendsCollectionViewController.swift */ = {isa = PBXFileReference; lastKnownFileType = sourcecode.swift; path = FriendsCollectionViewController.swift; sourceTree = "<group>"; };
		4463223C24DAB29C005C97B3 /* FriendsCollectionViewCell.swift */ = {isa = PBXFileReference; lastKnownFileType = sourcecode.swift; path = FriendsCollectionViewCell.swift; sourceTree = "<group>"; };
		4463223E24DAB2F1005C97B3 /* MyGroupsTableViewController.swift */ = {isa = PBXFileReference; lastKnownFileType = sourcecode.swift; path = MyGroupsTableViewController.swift; sourceTree = "<group>"; };
		4463224024DAB314005C97B3 /* MyGroupsTableViewCell.swift */ = {isa = PBXFileReference; lastKnownFileType = sourcecode.swift; path = MyGroupsTableViewCell.swift; sourceTree = "<group>"; };
		4463224424DAB399005C97B3 /* AvailableGroupsTableViewController.swift */ = {isa = PBXFileReference; lastKnownFileType = sourcecode.swift; path = AvailableGroupsTableViewController.swift; sourceTree = "<group>"; };
		4463224624DAB3BB005C97B3 /* AvailableGroupsTableViewCell.swift */ = {isa = PBXFileReference; lastKnownFileType = sourcecode.swift; path = AvailableGroupsTableViewCell.swift; sourceTree = "<group>"; };
		4463224824DAB6BE005C97B3 /* User.swift */ = {isa = PBXFileReference; lastKnownFileType = sourcecode.swift; path = User.swift; sourceTree = "<group>"; };
		4463224C24DAC9A2005C97B3 /* Group.swift */ = {isa = PBXFileReference; lastKnownFileType = sourcecode.swift; path = Group.swift; sourceTree = "<group>"; };
		44675CFC2508D84000C95251 /* NavigationAnimation.swift */ = {isa = PBXFileReference; lastKnownFileType = sourcecode.swift; path = NavigationAnimation.swift; sourceTree = "<group>"; };
		44681DFE250380E600511432 /* FriendsPhotoCollection.swift */ = {isa = PBXFileReference; lastKnownFileType = sourcecode.swift; path = FriendsPhotoCollection.swift; sourceTree = "<group>"; };
		4468749E2501195900068434 /* DotsIndicator.swift */ = {isa = PBXFileReference; lastKnownFileType = sourcecode.swift; path = DotsIndicator.swift; sourceTree = "<group>"; };
		446968A9250E4B2B007062FD /* FullScreenPhotoViewController.swift */ = {isa = PBXFileReference; lastKnownFileType = sourcecode.swift; path = FullScreenPhotoViewController.swift; sourceTree = "<group>"; };
		447CAEEF250F4F31000AA8F4 /* FullScreenAnimator.swift */ = {isa = PBXFileReference; lastKnownFileType = sourcecode.swift; path = FullScreenAnimator.swift; sourceTree = "<group>"; };
		44C4310B252112DF005A3339 /* FriendsServiceAPI.swift */ = {isa = PBXFileReference; lastKnownFileType = sourcecode.swift; path = FriendsServiceAPI.swift; sourceTree = "<group>"; };
		44C43111252114D3005A3339 /* GroupServiceAPI.swift */ = {isa = PBXFileReference; lastKnownFileType = sourcecode.swift; path = GroupServiceAPI.swift; sourceTree = "<group>"; };
		44CAC50C24E2A006000D9693 /* PhotoLikeControl.swift */ = {isa = PBXFileReference; lastKnownFileType = sourcecode.swift; path = PhotoLikeControl.swift; sourceTree = "<group>"; };
		44DB992E24D1B7E2000BAF9A /* VK_client.app */ = {isa = PBXFileReference; explicitFileType = wrapper.application; includeInIndex = 0; path = VK_client.app; sourceTree = BUILT_PRODUCTS_DIR; };
		44DB993124D1B7E2000BAF9A /* AppDelegate.swift */ = {isa = PBXFileReference; lastKnownFileType = sourcecode.swift; path = AppDelegate.swift; sourceTree = "<group>"; };
		44DB993324D1B7E2000BAF9A /* SceneDelegate.swift */ = {isa = PBXFileReference; lastKnownFileType = sourcecode.swift; path = SceneDelegate.swift; sourceTree = "<group>"; };
		44DB993824D1B7E2000BAF9A /* Base */ = {isa = PBXFileReference; lastKnownFileType = file.storyboard; name = Base; path = Base.lproj/Main.storyboard; sourceTree = "<group>"; };
		44DB993A24D1B809000BAF9A /* Assets.xcassets */ = {isa = PBXFileReference; lastKnownFileType = folder.assetcatalog; path = Assets.xcassets; sourceTree = "<group>"; };
		44DB993D24D1B809000BAF9A /* Base */ = {isa = PBXFileReference; lastKnownFileType = file.storyboard; name = Base; path = Base.lproj/LaunchScreen.storyboard; sourceTree = "<group>"; };
		44DB993F24D1B80A000BAF9A /* Info.plist */ = {isa = PBXFileReference; lastKnownFileType = text.plist.xml; path = Info.plist; sourceTree = "<group>"; };
		44DB994524D1BCFB000BAF9A /* LoginFormViewController.swift */ = {isa = PBXFileReference; lastKnownFileType = sourcecode.swift; path = LoginFormViewController.swift; sourceTree = "<group>"; };
		44DF3B4424E4397500E65E4C /* FriendSearchControl.swift */ = {isa = PBXFileReference; lastKnownFileType = sourcecode.swift; path = FriendSearchControl.swift; sourceTree = "<group>"; };
		4CF28FBD585A37E9F9CCB45E /* Pods_VK_client.framework */ = {isa = PBXFileReference; explicitFileType = wrapper.framework; includeInIndex = 0; path = Pods_VK_client.framework; sourceTree = BUILT_PRODUCTS_DIR; };
		62672BAF92EDA5252588B34F /* Pods-VK_client.release.xcconfig */ = {isa = PBXFileReference; includeInIndex = 1; lastKnownFileType = text.xcconfig; name = "Pods-VK_client.release.xcconfig"; path = "Target Support Files/Pods-VK_client/Pods-VK_client.release.xcconfig"; sourceTree = "<group>"; };
		C42D8D542541B9DF00C6622F /* UserFireStore.swift */ = {isa = PBXFileReference; lastKnownFileType = sourcecode.swift; path = UserFireStore.swift; sourceTree = "<group>"; };
		C454E1DD254868EB00E1D94C /* SearchGroupServiceAPI.swift */ = {isa = PBXFileReference; lastKnownFileType = sourcecode.swift; path = SearchGroupServiceAPI.swift; sourceTree = "<group>"; };
		C4592E1325514CCE00511737 /* NewsServiceAPI.swift */ = {isa = PBXFileReference; lastKnownFileType = sourcecode.swift; path = NewsServiceAPI.swift; sourceTree = "<group>"; };
		C45C483F255301F1009731D7 /* NewsItem.swift */ = {isa = PBXFileReference; lastKnownFileType = sourcecode.swift; path = NewsItem.swift; sourceTree = "<group>"; };
		C4A4937925482BA200DE4629 /* GroupSearch.swift */ = {isa = PBXFileReference; lastKnownFileType = sourcecode.swift; path = GroupSearch.swift; sourceTree = "<group>"; };
		C4D3FA2325373066003A9D07 /* UserPhotos.swift */ = {isa = PBXFileReference; lastKnownFileType = sourcecode.swift; path = UserPhotos.swift; sourceTree = "<group>"; };
		C4F10CF2254071A50074D7E2 /* GoogleService-Info.plist */ = {isa = PBXFileReference; fileEncoding = 4; lastKnownFileType = text.plist.xml; path = "GoogleService-Info.plist"; sourceTree = "<group>"; };
		C4F10CFA254074D60074D7E2 /* UserFirebase.swift */ = {isa = PBXFileReference; lastKnownFileType = sourcecode.swift; path = UserFirebase.swift; sourceTree = "<group>"; };
/* End PBXFileReference section */

/* Begin PBXFrameworksBuildPhase section */
		44DB992B24D1B7E2000BAF9A /* Frameworks */ = {
			isa = PBXFrameworksBuildPhase;
			buildActionMask = 2147483647;
			files = (
				444722AD251F8F77002FC1C7 /* WebKit.framework in Frameworks */,
				444722A7251F8F22002FC1C7 /* WebKit.framework in Frameworks */,
				2D4AC616F8748170657726AF /* Pods_VK_client.framework in Frameworks */,
			);
			runOnlyForDeploymentPostprocessing = 0;
		};
/* End PBXFrameworksBuildPhase section */

/* Begin PBXGroup section */
		4460477324FCDC3100031D76 /* News */ = {
			isa = PBXGroup;
			children = (
				4460476F24FCD81000031D76 /* NewsViewController.swift */,
				4460477424FCDC8D00031D76 /* NewsCollectionViewCell.swift */,
				4460477524FCDC8D00031D76 /* NewsCollectionViewCell.xib */,
				4460477824FCDCE500031D76 /* NewsTableViewCell.swift */,
				4460477924FCDCE500031D76 /* NewsTableViewCell.xib */,
				4460477C24FD90AE00031D76 /* NewsLikeControl.swift */,
				C4592E1325514CCE00511737 /* NewsServiceAPI.swift */,
			);
			path = News;
			sourceTree = "<group>";
		};
		4463223424DAB017005C97B3 /* Friends */ = {
			isa = PBXGroup;
			children = (
				4463223624DAB208005C97B3 /* FriendsTableViewController.swift */,
				4463223824DAB23A005C97B3 /* FriendsTableViewCell.swift */,
				442D848124E029B2000E0E40 /* AvatarViewControl.swift */,
				44681DFE250380E600511432 /* FriendsPhotoCollection.swift */,
				4463223A24DAB27C005C97B3 /* FriendsCollectionViewController.swift */,
				44CAC50C24E2A006000D9693 /* PhotoLikeControl.swift */,
				44DF3B4424E4397500E65E4C /* FriendSearchControl.swift */,
				4463223C24DAB29C005C97B3 /* FriendsCollectionViewCell.swift */,
				44C4310B252112DF005A3339 /* FriendsServiceAPI.swift */,
			);
			path = Friends;
			sourceTree = "<group>";
		};
		4463223524DAB02A005C97B3 /* Groups */ = {
			isa = PBXGroup;
			children = (
				4463223E24DAB2F1005C97B3 /* MyGroupsTableViewController.swift */,
				4463224424DAB399005C97B3 /* AvailableGroupsTableViewController.swift */,
				4463224024DAB314005C97B3 /* MyGroupsTableViewCell.swift */,
				4463224624DAB3BB005C97B3 /* AvailableGroupsTableViewCell.swift */,
				44C43111252114D3005A3339 /* GroupServiceAPI.swift */,
				C454E1DD254868EB00E1D94C /* SearchGroupServiceAPI.swift */,
			);
			path = Groups;
			sourceTree = "<group>";
		};
		4463224B24DAC905005C97B3 /* Model */ = {
			isa = PBXGroup;
			children = (
				4463224824DAB6BE005C97B3 /* User.swift */,
				C4F10CFA254074D60074D7E2 /* UserFirebase.swift */,
				C42D8D542541B9DF00C6622F /* UserFireStore.swift */,
				C4D3FA2325373066003A9D07 /* UserPhotos.swift */,
				4441C9B3251A23760086FBAE /* Session.swift */,
				4463224C24DAC9A2005C97B3 /* Group.swift */,
				C4A4937925482BA200DE4629 /* GroupSearch.swift */,
				4417949824FBDD93001BA977 /* News.swift */,
				C45C483F255301F1009731D7 /* NewsItem.swift */,
			);
			path = Model;
			sourceTree = "<group>";
		};
		44675CFB2508D80500C95251 /* Animation */ = {
			isa = PBXGroup;
			children = (
				4468749E2501195900068434 /* DotsIndicator.swift */,
				44675CFC2508D84000C95251 /* NavigationAnimation.swift */,
				446968A9250E4B2B007062FD /* FullScreenPhotoViewController.swift */,
				447CAEEF250F4F31000AA8F4 /* FullScreenAnimator.swift */,
			);
			path = Animation;
			sourceTree = "<group>";
		};
		44DB992524D1B7E2000BAF9A = {
			isa = PBXGroup;
			children = (
				44DB993024D1B7E2000BAF9A /* VK_client */,
				44DB992F24D1B7E2000BAF9A /* Products */,
				C099098AF23CB20B030639C1 /* Pods */,
				6149F650DC2995E936443F92 /* Frameworks */,
			);
			sourceTree = "<group>";
		};
		44DB992F24D1B7E2000BAF9A /* Products */ = {
			isa = PBXGroup;
			children = (
				44DB992E24D1B7E2000BAF9A /* VK_client.app */,
			);
			name = Products;
			sourceTree = "<group>";
		};
		44DB993024D1B7E2000BAF9A /* VK_client */ = {
			isa = PBXGroup;
			children = (
				4460477324FCDC3100031D76 /* News */,
				4463224B24DAC905005C97B3 /* Model */,
				4463223524DAB02A005C97B3 /* Groups */,
				4463223424DAB017005C97B3 /* Friends */,
				44DB993124D1B7E2000BAF9A /* AppDelegate.swift */,
				44DB993324D1B7E2000BAF9A /* SceneDelegate.swift */,
				44675CFB2508D80500C95251 /* Animation */,
				44DB994524D1BCFB000BAF9A /* LoginFormViewController.swift */,
				444722A0251F8CB3002FC1C7 /* VKLoginViewController.swift */,
				44DB993724D1B7E2000BAF9A /* Main.storyboard */,
				44DB993A24D1B809000BAF9A /* Assets.xcassets */,
				44DB993C24D1B809000BAF9A /* LaunchScreen.storyboard */,
				44DB993F24D1B80A000BAF9A /* Info.plist */,
				C4F10CF2254071A50074D7E2 /* GoogleService-Info.plist */,
			);
			path = VK_client;
			sourceTree = "<group>";
		};
		6149F650DC2995E936443F92 /* Frameworks */ = {
			isa = PBXGroup;
			children = (
				444722A6251F8F22002FC1C7 /* WebKit.framework */,
				444722AC251F8F77002FC1C7 /* WebKit.framework */,
				4CF28FBD585A37E9F9CCB45E /* Pods_VK_client.framework */,
			);
			name = Frameworks;
			sourceTree = "<group>";
		};
		C099098AF23CB20B030639C1 /* Pods */ = {
			isa = PBXGroup;
			children = (
				24BE95B242EC9FEDDF0EE033 /* Pods-VK_client.debug.xcconfig */,
				62672BAF92EDA5252588B34F /* Pods-VK_client.release.xcconfig */,
			);
			path = Pods;
			sourceTree = "<group>";
		};
/* End PBXGroup section */

/* Begin PBXNativeTarget section */
		44DB992D24D1B7E2000BAF9A /* VK_client */ = {
			isa = PBXNativeTarget;
			buildConfigurationList = 44DB994224D1B80A000BAF9A /* Build configuration list for PBXNativeTarget "VK_client" */;
			buildPhases = (
				D2CC191B90DB249DE7C027D2 /* [CP] Check Pods Manifest.lock */,
				44DB992A24D1B7E2000BAF9A /* Sources */,
				44DB992B24D1B7E2000BAF9A /* Frameworks */,
				44DB992C24D1B7E2000BAF9A /* Resources */,
				ACFE39243803B9BFC3431E8D /* [CP] Embed Pods Frameworks */,
			);
			buildRules = (
			);
			dependencies = (
			);
			name = VK_client;
			productName = VK_client;
			productReference = 44DB992E24D1B7E2000BAF9A /* VK_client.app */;
			productType = "com.apple.product-type.application";
		};
/* End PBXNativeTarget section */

/* Begin PBXProject section */
		44DB992624D1B7E2000BAF9A /* Project object */ = {
			isa = PBXProject;
			attributes = {
				LastSwiftUpdateCheck = 1160;
				LastUpgradeCheck = 1210;
				ORGANIZATIONNAME = "Ekaterina Donskaya";
				TargetAttributes = {
					44DB992D24D1B7E2000BAF9A = {
						CreatedOnToolsVersion = 11.6;
					};
				};
			};
			buildConfigurationList = 44DB992924D1B7E2000BAF9A /* Build configuration list for PBXProject "VK_client" */;
			compatibilityVersion = "Xcode 9.3";
			developmentRegion = en;
			hasScannedForEncodings = 0;
			knownRegions = (
				en,
				Base,
			);
			mainGroup = 44DB992524D1B7E2000BAF9A;
			productRefGroup = 44DB992F24D1B7E2000BAF9A /* Products */;
			projectDirPath = "";
			projectRoot = "";
			targets = (
				44DB992D24D1B7E2000BAF9A /* VK_client */,
			);
		};
/* End PBXProject section */

/* Begin PBXResourcesBuildPhase section */
		44DB992C24D1B7E2000BAF9A /* Resources */ = {
			isa = PBXResourcesBuildPhase;
			buildActionMask = 2147483647;
			files = (
				44DB993E24D1B809000BAF9A /* LaunchScreen.storyboard in Resources */,
				44DB993B24D1B809000BAF9A /* Assets.xcassets in Resources */,
				4460477B24FCDCE500031D76 /* NewsTableViewCell.xib in Resources */,
				44DB993924D1B7E2000BAF9A /* Main.storyboard in Resources */,
				4460477724FCDC8D00031D76 /* NewsCollectionViewCell.xib in Resources */,
				C4F10CF3254071A50074D7E2 /* GoogleService-Info.plist in Resources */,
			);
			runOnlyForDeploymentPostprocessing = 0;
		};
/* End PBXResourcesBuildPhase section */

/* Begin PBXShellScriptBuildPhase section */
		ACFE39243803B9BFC3431E8D /* [CP] Embed Pods Frameworks */ = {
			isa = PBXShellScriptBuildPhase;
			buildActionMask = 2147483647;
			files = (
			);
			inputFileListPaths = (
				"${PODS_ROOT}/Target Support Files/Pods-VK_client/Pods-VK_client-frameworks-${CONFIGURATION}-input-files.xcfilelist",
			);
			name = "[CP] Embed Pods Frameworks";
			outputFileListPaths = (
				"${PODS_ROOT}/Target Support Files/Pods-VK_client/Pods-VK_client-frameworks-${CONFIGURATION}-output-files.xcfilelist",
			);
			runOnlyForDeploymentPostprocessing = 0;
			shellPath = /bin/sh;
			shellScript = "\"${PODS_ROOT}/Target Support Files/Pods-VK_client/Pods-VK_client-frameworks.sh\"\n";
			showEnvVarsInLog = 0;
		};
		D2CC191B90DB249DE7C027D2 /* [CP] Check Pods Manifest.lock */ = {
			isa = PBXShellScriptBuildPhase;
			buildActionMask = 2147483647;
			files = (
			);
			inputFileListPaths = (
			);
			inputPaths = (
				"${PODS_PODFILE_DIR_PATH}/Podfile.lock",
				"${PODS_ROOT}/Manifest.lock",
			);
			name = "[CP] Check Pods Manifest.lock";
			outputFileListPaths = (
			);
			outputPaths = (
				"$(DERIVED_FILE_DIR)/Pods-VK_client-checkManifestLockResult.txt",
			);
			runOnlyForDeploymentPostprocessing = 0;
			shellPath = /bin/sh;
			shellScript = "diff \"${PODS_PODFILE_DIR_PATH}/Podfile.lock\" \"${PODS_ROOT}/Manifest.lock\" > /dev/null\nif [ $? != 0 ] ; then\n    # print error to STDERR\n    echo \"error: The sandbox is not in sync with the Podfile.lock. Run 'pod install' or update your CocoaPods installation.\" >&2\n    exit 1\nfi\n# This output is used by Xcode 'outputs' to avoid re-running this script phase.\necho \"SUCCESS\" > \"${SCRIPT_OUTPUT_FILE_0}\"\n";
			showEnvVarsInLog = 0;
		};
/* End PBXShellScriptBuildPhase section */

/* Begin PBXSourcesBuildPhase section */
		44DB992A24D1B7E2000BAF9A /* Sources */ = {
			isa = PBXSourcesBuildPhase;
			buildActionMask = 2147483647;
			files = (
				4463223B24DAB27C005C97B3 /* FriendsCollectionViewController.swift in Sources */,
				C454E1DE254868EB00E1D94C /* SearchGroupServiceAPI.swift in Sources */,
				44DB994624D1BCFB000BAF9A /* LoginFormViewController.swift in Sources */,
				4460477624FCDC8D00031D76 /* NewsCollectionViewCell.swift in Sources */,
				447CAEF0250F4F31000AA8F4 /* FullScreenAnimator.swift in Sources */,
				4463224724DAB3BB005C97B3 /* AvailableGroupsTableViewCell.swift in Sources */,
				44675CFD2508D84000C95251 /* NavigationAnimation.swift in Sources */,
				C4592E1425514CCE00511737 /* NewsServiceAPI.swift in Sources */,
				4463224124DAB314005C97B3 /* MyGroupsTableViewCell.swift in Sources */,
				C4A4937A25482BA200DE4629 /* GroupSearch.swift in Sources */,
				4463224524DAB399005C97B3 /* AvailableGroupsTableViewController.swift in Sources */,
				44C43112252114D3005A3339 /* GroupServiceAPI.swift in Sources */,
				44681DFF250380E600511432 /* FriendsPhotoCollection.swift in Sources */,
				4460477A24FCDCE500031D76 /* NewsTableViewCell.swift in Sources */,
				C45C4840255301F1009731D7 /* NewsItem.swift in Sources */,
				4468749F2501195900068434 /* DotsIndicator.swift in Sources */,
				4463223D24DAB29C005C97B3 /* FriendsCollectionViewCell.swift in Sources */,
				C4F10CFB254074D60074D7E2 /* UserFirebase.swift in Sources */,
				4463224D24DAC9A2005C97B3 /* Group.swift in Sources */,
				4463223F24DAB2F1005C97B3 /* MyGroupsTableViewController.swift in Sources */,
				4463224924DAB6BE005C97B3 /* User.swift in Sources */,
				444722A1251F8CB3002FC1C7 /* VKLoginViewController.swift in Sources */,
				446968AA250E4B2B007062FD /* FullScreenPhotoViewController.swift in Sources */,
				C4D3FA2425373066003A9D07 /* UserPhotos.swift in Sources */,
				44CAC50D24E2A006000D9693 /* PhotoLikeControl.swift in Sources */,
				4441C9B4251A23760086FBAE /* Session.swift in Sources */,
				44DF3B4524E4397500E65E4C /* FriendSearchControl.swift in Sources */,
				C42D8D552541B9DF00C6622F /* UserFireStore.swift in Sources */,
				4460477D24FD90AE00031D76 /* NewsLikeControl.swift in Sources */,
				44DB993224D1B7E2000BAF9A /* AppDelegate.swift in Sources */,
				4460477124FCD81000031D76 /* NewsViewController.swift in Sources */,
				44C4310C252112DF005A3339 /* FriendsServiceAPI.swift in Sources */,
				4463223724DAB208005C97B3 /* FriendsTableViewController.swift in Sources */,
				4463223924DAB23A005C97B3 /* FriendsTableViewCell.swift in Sources */,
				442D848224E029B2000E0E40 /* AvatarViewControl.swift in Sources */,
				44DB993424D1B7E2000BAF9A /* SceneDelegate.swift in Sources */,
				4417949924FBDD93001BA977 /* News.swift in Sources */,
			);
			runOnlyForDeploymentPostprocessing = 0;
		};
/* End PBXSourcesBuildPhase section */

/* Begin PBXVariantGroup section */
		44DB993724D1B7E2000BAF9A /* Main.storyboard */ = {
			isa = PBXVariantGroup;
			children = (
				44DB993824D1B7E2000BAF9A /* Base */,
			);
			name = Main.storyboard;
			sourceTree = "<group>";
		};
		44DB993C24D1B809000BAF9A /* LaunchScreen.storyboard */ = {
			isa = PBXVariantGroup;
			children = (
				44DB993D24D1B809000BAF9A /* Base */,
			);
			name = LaunchScreen.storyboard;
			sourceTree = "<group>";
		};
/* End PBXVariantGroup section */

/* Begin XCBuildConfiguration section */
		44DB994024D1B80A000BAF9A /* Debug */ = {
			isa = XCBuildConfiguration;
			buildSettings = {
				ALWAYS_SEARCH_USER_PATHS = NO;
				CLANG_ANALYZER_NONNULL = YES;
				CLANG_ANALYZER_NUMBER_OBJECT_CONVERSION = YES_AGGRESSIVE;
				CLANG_CXX_LANGUAGE_STANDARD = "gnu++14";
				CLANG_CXX_LIBRARY = "libc++";
				CLANG_ENABLE_MODULES = YES;
				CLANG_ENABLE_OBJC_ARC = YES;
				CLANG_ENABLE_OBJC_WEAK = YES;
				CLANG_WARN_BLOCK_CAPTURE_AUTORELEASING = YES;
				CLANG_WARN_BOOL_CONVERSION = YES;
				CLANG_WARN_COMMA = YES;
				CLANG_WARN_CONSTANT_CONVERSION = YES;
				CLANG_WARN_DEPRECATED_OBJC_IMPLEMENTATIONS = YES;
				CLANG_WARN_DIRECT_OBJC_ISA_USAGE = YES_ERROR;
				CLANG_WARN_DOCUMENTATION_COMMENTS = YES;
				CLANG_WARN_EMPTY_BODY = YES;
				CLANG_WARN_ENUM_CONVERSION = YES;
				CLANG_WARN_INFINITE_RECURSION = YES;
				CLANG_WARN_INT_CONVERSION = YES;
				CLANG_WARN_NON_LITERAL_NULL_CONVERSION = YES;
				CLANG_WARN_OBJC_IMPLICIT_RETAIN_SELF = YES;
				CLANG_WARN_OBJC_LITERAL_CONVERSION = YES;
				CLANG_WARN_OBJC_ROOT_CLASS = YES_ERROR;
				CLANG_WARN_QUOTED_INCLUDE_IN_FRAMEWORK_HEADER = YES;
				CLANG_WARN_RANGE_LOOP_ANALYSIS = YES;
				CLANG_WARN_STRICT_PROTOTYPES = YES;
				CLANG_WARN_SUSPICIOUS_MOVE = YES;
				CLANG_WARN_UNGUARDED_AVAILABILITY = YES_AGGRESSIVE;
				CLANG_WARN_UNREACHABLE_CODE = YES;
				CLANG_WARN__DUPLICATE_METHOD_MATCH = YES;
				COPY_PHASE_STRIP = NO;
				DEBUG_INFORMATION_FORMAT = dwarf;
				ENABLE_STRICT_OBJC_MSGSEND = YES;
				ENABLE_TESTABILITY = YES;
				GCC_C_LANGUAGE_STANDARD = gnu11;
				GCC_DYNAMIC_NO_PIC = NO;
				GCC_NO_COMMON_BLOCKS = YES;
				GCC_OPTIMIZATION_LEVEL = 0;
				GCC_PREPROCESSOR_DEFINITIONS = (
					"DEBUG=1",
					"$(inherited)",
				);
				GCC_WARN_64_TO_32_BIT_CONVERSION = YES;
				GCC_WARN_ABOUT_RETURN_TYPE = YES_ERROR;
				GCC_WARN_UNDECLARED_SELECTOR = YES;
				GCC_WARN_UNINITIALIZED_AUTOS = YES_AGGRESSIVE;
				GCC_WARN_UNUSED_FUNCTION = YES;
				GCC_WARN_UNUSED_VARIABLE = YES;
				IPHONEOS_DEPLOYMENT_TARGET = 13.6;
				MTL_ENABLE_DEBUG_INFO = INCLUDE_SOURCE;
				MTL_FAST_MATH = YES;
				ONLY_ACTIVE_ARCH = YES;
				SDKROOT = iphoneos;
				SWIFT_ACTIVE_COMPILATION_CONDITIONS = DEBUG;
				SWIFT_OPTIMIZATION_LEVEL = "-Onone";
			};
			name = Debug;
		};
		44DB994124D1B80A000BAF9A /* Release */ = {
			isa = XCBuildConfiguration;
			buildSettings = {
				ALWAYS_SEARCH_USER_PATHS = NO;
				CLANG_ANALYZER_NONNULL = YES;
				CLANG_ANALYZER_NUMBER_OBJECT_CONVERSION = YES_AGGRESSIVE;
				CLANG_CXX_LANGUAGE_STANDARD = "gnu++14";
				CLANG_CXX_LIBRARY = "libc++";
				CLANG_ENABLE_MODULES = YES;
				CLANG_ENABLE_OBJC_ARC = YES;
				CLANG_ENABLE_OBJC_WEAK = YES;
				CLANG_WARN_BLOCK_CAPTURE_AUTORELEASING = YES;
				CLANG_WARN_BOOL_CONVERSION = YES;
				CLANG_WARN_COMMA = YES;
				CLANG_WARN_CONSTANT_CONVERSION = YES;
				CLANG_WARN_DEPRECATED_OBJC_IMPLEMENTATIONS = YES;
				CLANG_WARN_DIRECT_OBJC_ISA_USAGE = YES_ERROR;
				CLANG_WARN_DOCUMENTATION_COMMENTS = YES;
				CLANG_WARN_EMPTY_BODY = YES;
				CLANG_WARN_ENUM_CONVERSION = YES;
				CLANG_WARN_INFINITE_RECURSION = YES;
				CLANG_WARN_INT_CONVERSION = YES;
				CLANG_WARN_NON_LITERAL_NULL_CONVERSION = YES;
				CLANG_WARN_OBJC_IMPLICIT_RETAIN_SELF = YES;
				CLANG_WARN_OBJC_LITERAL_CONVERSION = YES;
				CLANG_WARN_OBJC_ROOT_CLASS = YES_ERROR;
				CLANG_WARN_QUOTED_INCLUDE_IN_FRAMEWORK_HEADER = YES;
				CLANG_WARN_RANGE_LOOP_ANALYSIS = YES;
				CLANG_WARN_STRICT_PROTOTYPES = YES;
				CLANG_WARN_SUSPICIOUS_MOVE = YES;
				CLANG_WARN_UNGUARDED_AVAILABILITY = YES_AGGRESSIVE;
				CLANG_WARN_UNREACHABLE_CODE = YES;
				CLANG_WARN__DUPLICATE_METHOD_MATCH = YES;
				COPY_PHASE_STRIP = NO;
				DEBUG_INFORMATION_FORMAT = "dwarf-with-dsym";
				ENABLE_NS_ASSERTIONS = NO;
				ENABLE_STRICT_OBJC_MSGSEND = YES;
				GCC_C_LANGUAGE_STANDARD = gnu11;
				GCC_NO_COMMON_BLOCKS = YES;
				GCC_WARN_64_TO_32_BIT_CONVERSION = YES;
				GCC_WARN_ABOUT_RETURN_TYPE = YES_ERROR;
				GCC_WARN_UNDECLARED_SELECTOR = YES;
				GCC_WARN_UNINITIALIZED_AUTOS = YES_AGGRESSIVE;
				GCC_WARN_UNUSED_FUNCTION = YES;
				GCC_WARN_UNUSED_VARIABLE = YES;
				IPHONEOS_DEPLOYMENT_TARGET = 13.6;
				MTL_ENABLE_DEBUG_INFO = NO;
				MTL_FAST_MATH = YES;
				SDKROOT = iphoneos;
				SWIFT_COMPILATION_MODE = wholemodule;
				SWIFT_OPTIMIZATION_LEVEL = "-O";
				VALIDATE_PRODUCT = YES;
			};
			name = Release;
		};
		44DB994324D1B80A000BAF9A /* Debug */ = {
			isa = XCBuildConfiguration;
			baseConfigurationReference = 24BE95B242EC9FEDDF0EE033 /* Pods-VK_client.debug.xcconfig */;
			buildSettings = {
				ALWAYS_EMBED_SWIFT_STANDARD_LIBRARIES = "$(inherited)";
				ASSETCATALOG_COMPILER_APPICON_NAME = AppIcon;
				CODE_SIGN_STYLE = Automatic;
				INFOPLIST_FILE = VK_client/Info.plist;
				IPHONEOS_DEPLOYMENT_TARGET = 14.1;
				LD_RUNPATH_SEARCH_PATHS = (
					"$(inherited)",
					"@executable_path/Frameworks",
				);
				PRODUCT_BUNDLE_IDENTIFIER = "my.VK-client";
				PRODUCT_NAME = "$(TARGET_NAME)";
				SWIFT_VERSION = 5.0;
				SYSTEM_FRAMEWORK_SEARCH_PATHS = (
					"$(inherited)",
					"$(SDKROOT)$(SYSTEM_LIBRARY_DIR)/PrivateFrameworks",
				);
				TARGETED_DEVICE_FAMILY = "1,2";
			};
			name = Debug;
		};
		44DB994424D1B80A000BAF9A /* Release */ = {
			isa = XCBuildConfiguration;
			baseConfigurationReference = 62672BAF92EDA5252588B34F /* Pods-VK_client.release.xcconfig */;
			buildSettings = {
				ALWAYS_EMBED_SWIFT_STANDARD_LIBRARIES = "$(inherited)";
				ASSETCATALOG_COMPILER_APPICON_NAME = AppIcon;
				CODE_SIGN_STYLE = Automatic;
				INFOPLIST_FILE = VK_client/Info.plist;
				IPHONEOS_DEPLOYMENT_TARGET = 14.1;
				LD_RUNPATH_SEARCH_PATHS = (
					"$(inherited)",
					"@executable_path/Frameworks",
				);
				PRODUCT_BUNDLE_IDENTIFIER = "my.VK-client";
				PRODUCT_NAME = "$(TARGET_NAME)";
				SWIFT_VERSION = 5.0;
				SYSTEM_FRAMEWORK_SEARCH_PATHS = (
					"$(inherited)",
					"$(SDKROOT)$(SYSTEM_LIBRARY_DIR)/PrivateFrameworks",
				);
				TARGETED_DEVICE_FAMILY = "1,2";
			};
			name = Release;
		};
/* End XCBuildConfiguration section */

/* Begin XCConfigurationList section */
		44DB992924D1B7E2000BAF9A /* Build configuration list for PBXProject "VK_client" */ = {
			isa = XCConfigurationList;
			buildConfigurations = (
				44DB994024D1B80A000BAF9A /* Debug */,
				44DB994124D1B80A000BAF9A /* Release */,
			);
			defaultConfigurationIsVisible = 0;
			defaultConfigurationName = Release;
		};
		44DB994224D1B80A000BAF9A /* Build configuration list for PBXNativeTarget "VK_client" */ = {
			isa = XCConfigurationList;
			buildConfigurations = (
				44DB994324D1B80A000BAF9A /* Debug */,
				44DB994424D1B80A000BAF9A /* Release */,
			);
			defaultConfigurationIsVisible = 0;
			defaultConfigurationName = Release;
		};
/* End XCConfigurationList section */
	};
	rootObject = 44DB992624D1B7E2000BAF9A /* Project object */;
}
